
Microsoft Visual Studio Solution File, Format Version 12.00
# Visual Studio Version 17
VisualStudioVersion = 17.4.33213.308
MinimumVisualStudioVersion = 10.0.40219.1
Project("{FAE04EC0-301F-11D3-BF4B-00C04F79EFBC}") = "Sistema Venda Livros PJ", "Sistema Venda Livros PJ\Sistema Venda Livros PJ.csproj", "{2167E1D4-CB42-4938-BB0A-25C4BCE07EA1}"
EndProject
Global
	GlobalSection(SolutionConfigurationPlatforms) = preSolution
		Debug|Any CPU = Debug|Any CPU
		Release|Any CPU = Release|Any CPU
	EndGlobalSection
	GlobalSection(ProjectConfigurationPlatforms) = postSolution
		{2167E1D4-CB42-4938-BB0A-25C4BCE07EA1}.Debug|Any CPU.ActiveCfg = Debug|Any CPU
		{2167E1D4-CB42-4938-BB0A-25C4BCE07EA1}.Debug|Any CPU.Build.0 = Debug|Any CPU
		{2167E1D4-CB42-4938-BB0A-25C4BCE07EA1}.Release|Any CPU.ActiveCfg = Release|Any CPU
		{2167E1D4-CB42-4938-BB0A-25C4BCE07EA1}.Release|Any CPU.Build.0 = Release|Any CPU
	EndGlobalSection
	GlobalSection(SolutionProperties) = preSolution
		HideSolutionNode = FALSE
	EndGlobalSection
	GlobalSection(ExtensibilityGlobals) = postSolution
		SolutionGuid = {5585639E-BCCA-4FB0-8834-A7CA21A9F2C7}
	EndGlobalSection
EndGlobal
